# This file is automatically @generated by Poetry 1.8.3 and should not be changed by hand.

[[package]]
name = "colorama"
version = "0.4.6"
description = "Cross-platform colored terminal text."
optional = false
python-versions = "!=3.0.*,!=3.1.*,!=3.2.*,!=3.3.*,!=3.4.*,!=3.5.*,!=3.6.*,>=2.7"
files = [
    {file = "colorama-0.4.6-py2.py3-none-any.whl", hash = "sha256:4f1d9991f5acc0ca119f9d443620b77f9d6b33703e51011c16baf57afb285fc6"},
    {file = "colorama-0.4.6.tar.gz", hash = "sha256:08695f5cb7ed6e0531a20572697297273c47b8cae5a63ffc6d6ed5c201be6e44"},
]

[[package]]
name = "mslex"
version = "1.2.0"
description = "shlex for windows"
optional = false
python-versions = ">=3.5"
files = [
    {file = "mslex-1.2.0-py3-none-any.whl", hash = "sha256:c68ec637485ee3544c5847c1b4e78b02940b32708568fb1d8715491815aa2341"},
    {file = "mslex-1.2.0.tar.gz", hash = "sha256:79e2abc5a129dd71cdde58a22a2039abb7fa8afcbac498b723ba6e9b9fbacc14"},
]

[[package]]
name = "psutil"
version = "5.9.8"
description = "Cross-platform lib for process and system monitoring in Python."
optional = false
python-versions = ">=2.7, !=3.0.*, !=3.1.*, !=3.2.*, !=3.3.*, !=3.4.*, !=3.5.*"
files = [
    {file = "psutil-5.9.8-cp27-cp27m-macosx_10_9_x86_64.whl", hash = "sha256:26bd09967ae00920df88e0352a91cff1a78f8d69b3ecabbfe733610c0af486c8"},
    {file = "psutil-5.9.8-cp27-cp27m-manylinux2010_i686.whl", hash = "sha256:05806de88103b25903dff19bb6692bd2e714ccf9e668d050d144012055cbca73"},
    {file = "psutil-5.9.8-cp27-cp27m-manylinux2010_x86_64.whl", hash = "sha256:611052c4bc70432ec770d5d54f64206aa7203a101ec273a0cd82418c86503bb7"},
    {file = "psutil-5.9.8-cp27-cp27mu-manylinux2010_i686.whl", hash = "sha256:50187900d73c1381ba1454cf40308c2bf6f34268518b3f36a9b663ca87e65e36"},
    {file = "psutil-5.9.8-cp27-cp27mu-manylinux2010_x86_64.whl", hash = "sha256:02615ed8c5ea222323408ceba16c60e99c3f91639b07da6373fb7e6539abc56d"},
    {file = "psutil-5.9.8-cp27-none-win32.whl", hash = "sha256:36f435891adb138ed3c9e58c6af3e2e6ca9ac2f365efe1f9cfef2794e6c93b4e"},
    {file = "psutil-5.9.8-cp27-none-win_amd64.whl", hash = "sha256:bd1184ceb3f87651a67b2708d4c3338e9b10c5df903f2e3776b62303b26cb631"},
    {file = "psutil-5.9.8-cp36-abi3-macosx_10_9_x86_64.whl", hash = "sha256:aee678c8720623dc456fa20659af736241f575d79429a0e5e9cf88ae0605cc81"},
    {file = "psutil-5.9.8-cp36-abi3-manylinux_2_12_i686.manylinux2010_i686.manylinux_2_17_i686.manylinux2014_i686.whl", hash = "sha256:8cb6403ce6d8e047495a701dc7c5bd788add903f8986d523e3e20b98b733e421"},
    {file = "psutil-5.9.8-cp36-abi3-manylinux_2_12_x86_64.manylinux2010_x86_64.manylinux_2_17_x86_64.manylinux2014_x86_64.whl", hash = "sha256:d06016f7f8625a1825ba3732081d77c94589dca78b7a3fc072194851e88461a4"},
    {file = "psutil-5.9.8-cp36-cp36m-win32.whl", hash = "sha256:7d79560ad97af658a0f6adfef8b834b53f64746d45b403f225b85c5c2c140eee"},
    {file = "psutil-5.9.8-cp36-cp36m-win_amd64.whl", hash = "sha256:27cc40c3493bb10de1be4b3f07cae4c010ce715290a5be22b98493509c6299e2"},
    {file = "psutil-5.9.8-cp37-abi3-win32.whl", hash = "sha256:bc56c2a1b0d15aa3eaa5a60c9f3f8e3e565303b465dbf57a1b730e7a2b9844e0"},
    {file = "psutil-5.9.8-cp37-abi3-win_amd64.whl", hash = "sha256:8db4c1b57507eef143a15a6884ca10f7c73876cdf5d51e713151c1236a0e68cf"},
    {file = "psutil-5.9.8-cp38-abi3-macosx_11_0_arm64.whl", hash = "sha256:d16bbddf0693323b8c6123dd804100241da461e41d6e332fb0ba6058f630f8c8"},
    {file = "psutil-5.9.8.tar.gz", hash = "sha256:6be126e3225486dff286a8fb9a06246a5253f4c7c53b475ea5f5ac934e64194c"},
]

[package.extras]
test = ["enum34", "ipaddress", "mock", "pywin32", "wmi"]

[[package]]
name = "pyside6"
version = "6.7.2"
description = "Python bindings for the Qt cross-platform application and UI framework"
optional = false
python-versions = "<3.13,>=3.9"
files = [
    {file = "PySide6-6.7.2-cp39-abi3-macosx_11_0_universal2.whl", hash = "sha256:602debef9ec159b0db48f83b38a0e43e2dad3961f7d99f708d98620f04e9112b"},
    {file = "PySide6-6.7.2-cp39-abi3-manylinux_2_28_x86_64.whl", hash = "sha256:15e7696a09072ee977f6e6179ab1e48184953df8417bcaa83cfadf0b79747242"},
    {file = "PySide6-6.7.2-cp39-abi3-manylinux_2_31_aarch64.whl", hash = "sha256:6e0acb471535de303f56e3077aa86f53496b4de659b99ecce80520bcee508a63"},
    {file = "PySide6-6.7.2-cp39-abi3-win_amd64.whl", hash = "sha256:f73ae0de77d67f51ca3ce8207b12d3a5fa0107d3d5b6e4aeb3b53ee842b0927a"},
]

[package.dependencies]
PySide6-Addons = "6.7.2"
PySide6-Essentials = "6.7.2"
shiboken6 = "6.7.2"

[[package]]
name = "pyside6-addons"
version = "6.7.2"
description = "Python bindings for the Qt cross-platform application and UI framework (Addons)"
optional = false
python-versions = "<3.13,>=3.9"
files = [
    {file = "PySide6_Addons-6.7.2-cp39-abi3-macosx_11_0_universal2.whl", hash = "sha256:90b995efce61058d995c603ea480a9a3054fe8206739dcbc273fc3b53d40650f"},
    {file = "PySide6_Addons-6.7.2-cp39-abi3-manylinux_2_28_x86_64.whl", hash = "sha256:94b9bf6a2a4a7ac671e1776633e50d51326c86f4184f1c6e556f4dd5498fd52a"},
    {file = "PySide6_Addons-6.7.2-cp39-abi3-manylinux_2_31_aarch64.whl", hash = "sha256:22979b1aa09d9cf1d7a86c8a9aa0cb4791d6bd1cc94f96c5b6780c5ef8a9e34e"},
    {file = "PySide6_Addons-6.7.2-cp39-abi3-win_amd64.whl", hash = "sha256:ebf549eb25998665d8e4ec24014fbbd37bebc5ecdcb050b34db1e1c03e1bf81d"},
]

[package.dependencies]
PySide6-Essentials = "6.7.2"
shiboken6 = "6.7.2"

[[package]]
name = "pyside6-essentials"
version = "6.7.2"
description = "Python bindings for the Qt cross-platform application and UI framework (Essentials)"
optional = false
python-versions = "<3.13,>=3.9"
files = [
    {file = "PySide6_Essentials-6.7.2-cp39-abi3-macosx_11_0_universal2.whl", hash = "sha256:4d13666e796ec140ecfb432c4f3d7baef6dfafc11929985a83b22c0025532fb7"},
    {file = "PySide6_Essentials-6.7.2-cp39-abi3-manylinux_2_28_x86_64.whl", hash = "sha256:a1a4c09f1e916b9cfe53151fe4a503a6acb1f6621ba28204d1bfe636f80d6780"},
    {file = "PySide6_Essentials-6.7.2-cp39-abi3-manylinux_2_31_aarch64.whl", hash = "sha256:9135513e1c4c6e2fbb1e4f9afcb3d42e54708b0d9ed870cb3213ea4874cafa1e"},
    {file = "PySide6_Essentials-6.7.2-cp39-abi3-win_amd64.whl", hash = "sha256:0111d5fa8cf826de3ca9d82fed54726cce116d57f454f88a6467578652032d69"},
]

[package.dependencies]
shiboken6 = "6.7.2"

[[package]]
name = "ruff"
version = "0.6.0"
description = "An extremely fast Python linter and code formatter, written in Rust."
optional = false
python-versions = ">=3.7"
files = [
    {file = "ruff-0.6.0-py3-none-linux_armv6l.whl", hash = "sha256:92dcce923e5df265781e5fc76f9a1edad52201a7aafe56e586b90988d5239013"},
    {file = "ruff-0.6.0-py3-none-macosx_10_12_x86_64.whl", hash = "sha256:31b90ff9dc79ed476c04e957ba7e2b95c3fceb76148f2079d0d68a908d2cfae7"},
    {file = "ruff-0.6.0-py3-none-macosx_11_0_arm64.whl", hash = "sha256:6d834a9ec9f8287dd6c3297058b3a265ed6b59233db22593379ee38ebc4b9768"},
    {file = "ruff-0.6.0-py3-none-manylinux_2_17_aarch64.manylinux2014_aarch64.whl", hash = "sha256:f2089267692696aba342179471831a085043f218706e642564812145df8b8d0d"},
    {file = "ruff-0.6.0-py3-none-manylinux_2_17_armv7l.manylinux2014_armv7l.whl", hash = "sha256:aa62b423ee4bbd8765f2c1dbe8f6aac203e0583993a91453dc0a449d465c84da"},
    {file = "ruff-0.6.0-py3-none-manylinux_2_17_i686.manylinux2014_i686.whl", hash = "sha256:7344e1a964b16b1137ea361d6516ce4ee61a0403fa94252a1913ecc1311adcae"},
    {file = "ruff-0.6.0-py3-none-manylinux_2_17_ppc64.manylinux2014_ppc64.whl", hash = "sha256:487f3a35c3f33bf82be212ce15dc6278ea854e35573a3f809442f73bec8b2760"},
    {file = "ruff-0.6.0-py3-none-manylinux_2_17_ppc64le.manylinux2014_ppc64le.whl", hash = "sha256:75db409984077a793cf344d499165298a6f65449e905747ac65983b12e3e64b1"},
    {file = "ruff-0.6.0-py3-none-manylinux_2_17_s390x.manylinux2014_s390x.whl", hash = "sha256:84908bd603533ecf1db456d8fc2665d1f4335d722e84bc871d3bbd2d1116c272"},
    {file = "ruff-0.6.0-py3-none-manylinux_2_17_x86_64.manylinux2014_x86_64.whl", hash = "sha256:0f1749a0aef3ec41ed91a0e2127a6ae97d2e2853af16dbd4f3c00d7a3af726c5"},
    {file = "ruff-0.6.0-py3-none-musllinux_1_2_aarch64.whl", hash = "sha256:016fea751e2bcfbbd2f8cb19b97b37b3fd33148e4df45b526e87096f4e17354f"},
    {file = "ruff-0.6.0-py3-none-musllinux_1_2_armv7l.whl", hash = "sha256:6ae80f141b53b2e36e230017e64f5ea2def18fac14334ffceaae1b780d70c4f7"},
    {file = "ruff-0.6.0-py3-none-musllinux_1_2_i686.whl", hash = "sha256:eaaaf33ea4b3f63fd264d6a6f4a73fa224bbfda4b438ffea59a5340f4afa2bb5"},
    {file = "ruff-0.6.0-py3-none-musllinux_1_2_x86_64.whl", hash = "sha256:7667ddd1fc688150a7ca4137140867584c63309695a30016880caf20831503a0"},
    {file = "ruff-0.6.0-py3-none-win32.whl", hash = "sha256:ae48365aae60d40865a412356f8c6f2c0be1c928591168111eaf07eaefa6bea3"},
    {file = "ruff-0.6.0-py3-none-win_amd64.whl", hash = "sha256:774032b507c96f0c803c8237ce7d2ef3934df208a09c40fa809c2931f957fe5e"},
    {file = "ruff-0.6.0-py3-none-win_arm64.whl", hash = "sha256:a5366e8c3ae6b2dc32821749b532606c42e609a99b0ae1472cf601da931a048c"},
    {file = "ruff-0.6.0.tar.gz", hash = "sha256:272a81830f68f9bd19d49eaf7fa01a5545c5a2e86f32a9935bb0e4bb9a1db5b8"},
]

[[package]]
name = "shiboken6"
version = "6.7.2"
description = "Python/C++ bindings helper module"
optional = false
python-versions = "<3.13,>=3.9"
files = [
    {file = "shiboken6-6.7.2-cp39-abi3-macosx_11_0_universal2.whl", hash = "sha256:50c33ac6317b673a1eb97a9abaafccb162c4ba0c9ca658a8e449c49a8aadc379"},
    {file = "shiboken6-6.7.2-cp39-abi3-manylinux_2_28_x86_64.whl", hash = "sha256:70e80737b27cd5d83504b373013b55e70462bd4a27217d919ff9a83958731990"},
    {file = "shiboken6-6.7.2-cp39-abi3-manylinux_2_31_aarch64.whl", hash = "sha256:98bedf9a15f1d8ba1af3e4d1e7527f7946ce36da541e08074fd9dc9ab5ff1adf"},
    {file = "shiboken6-6.7.2-cp39-abi3-win_amd64.whl", hash = "sha256:9024e6afb2af1568ebfc8a5d07e4ff6c8829f40923eeb28901f535463e2b6b65"},
]

[[package]]
name = "taskipy"
version = "1.13.0"
description = "tasks runner for python projects"
optional = false
python-versions = "<4.0,>=3.6"
files = [
    {file = "taskipy-1.13.0-py3-none-any.whl", hash = "sha256:56f42b7e508d9aed2c7b6365f8d3dab62dbd0c768c1ab606c819da4fc38421f7"},
    {file = "taskipy-1.13.0.tar.gz", hash = "sha256:2b52f0257958fed151f1340f7de93fcf0848f7a358ad62ba05c31c2ca04f89fe"},
]

[package.dependencies]
colorama = ">=0.4.4,<0.5.0"
mslex = {version = ">=1.1.0,<2.0.0", markers = "sys_platform == \"win32\""}
psutil = ">=5.7.2,<6.0.0"
tomli = {version = ">=2.0.1,<3.0.0", markers = "python_version >= \"3.7\" and python_version < \"4.0\""}

[[package]]
name = "tomli"
version = "2.0.1"
description = "A lil' TOML parser"
optional = false
python-versions = ">=3.7"
files = [
    {file = "tomli-2.0.1-py3-none-any.whl", hash = "sha256:939de3e7a6161af0c887ef91b7d41a53e7c5a1ca976325f429cb46ea9bc30ecc"},
    {file = "tomli-2.0.1.tar.gz", hash = "sha256:de526c12914f0c550d15924c62d72abc48d6fe7364aa87328337a31007fe8a4f"},
]

[metadata]
lock-version = "2.0"
python-versions = ">=3.12.*,<3.13,"
content-hash = "3e81adeae7fb7f514598c6266eb2de26147f0d42f8d50ee617bbeeb8df7bb3a6"
