# This file is automatically @generated by Poetry 1.7.1 and should not be changed by hand.

[[package]]
name = "autopep8"
version = "1.7.0"
description = "A tool that automatically formats Python code to conform to the PEP 8 style guide"
optional = false
python-versions = "*"
files = [
    {file = "autopep8-1.7.0-py2.py3-none-any.whl", hash = "sha256:6f09e90a2be784317e84dc1add17ebfc7abe3924239957a37e5040e27d812087"},
    {file = "autopep8-1.7.0.tar.gz", hash = "sha256:ca9b1a83e53a7fad65d731dc7a2a2d50aa48f43850407c59f6a1a306c4201142"},
]

[package.dependencies]
pycodestyle = ">=2.9.1"
toml = "*"

[[package]]
name = "pycodestyle"
version = "2.10.0"
description = "Python style guide checker"
optional = false
python-versions = ">=3.6"
files = [
    {file = "pycodestyle-2.10.0-py2.py3-none-any.whl", hash = "sha256:8a4eaf0d0495c7395bdab3589ac2db602797d76207242c17d470186815706610"},
    {file = "pycodestyle-2.10.0.tar.gz", hash = "sha256:347187bdb476329d98f695c213d7295a846d1152ff4fe9bacb8a9590b8ee7053"},
]

[[package]]
name = "pyside6"
version = "6.5.3"
description = "Python bindings for the Qt cross-platform application and UI framework"
optional = false
python-versions = "<3.12,>=3.7"
files = [
    {file = "PySide6-6.5.3-cp37-abi3-macosx_11_0_universal2.whl", hash = "sha256:be53e7c64710fc4307afd33147e241a06cd97b18fae887ee611d8d4b373dbb04"},
    {file = "PySide6-6.5.3-cp37-abi3-manylinux_2_28_x86_64.whl", hash = "sha256:84f3d3e278e5ea00f1558ac7e1eeb382bba1df7732bdb025ee654e7b4b3cd451"},
    {file = "PySide6-6.5.3-cp37-abi3-manylinux_2_31_aarch64.whl", hash = "sha256:48f4579ca49225cfff8f512178551bdf6aa9031198527f71799bcc061a0f2327"},
    {file = "PySide6-6.5.3-cp37-abi3-win_amd64.whl", hash = "sha256:aaaf5acfaaf9575740df03ee1aa706e2f38d8fcca2255acbbd3a5701f6f2f416"},
]

[package.dependencies]
PySide6-Addons = "6.5.3"
PySide6-Essentials = "6.5.3"
shiboken6 = "6.5.3"

[[package]]
name = "pyside6-addons"
version = "6.5.3"
description = "Python bindings for the Qt cross-platform application and UI framework (Addons)"
optional = false
python-versions = "<3.12,>=3.7"
files = [
    {file = "PySide6_Addons-6.5.3-cp37-abi3-macosx_11_0_universal2.whl", hash = "sha256:047162b158ee929d43c21cdc3ac48e75fec612f2e5492b317190fac98d2de5c6"},
    {file = "PySide6_Addons-6.5.3-cp37-abi3-manylinux_2_28_x86_64.whl", hash = "sha256:e5bc1fa95351182dc2c003e07320d5509218ccc0840d10197d7d452aa5de5d2e"},
    {file = "PySide6_Addons-6.5.3-cp37-abi3-manylinux_2_31_aarch64.whl", hash = "sha256:be0dcfb15d44c2973c3c122058f1df8c3c9d93abd4170534e06dbf986aa30e26"},
    {file = "PySide6_Addons-6.5.3-cp37-abi3-win_amd64.whl", hash = "sha256:dd1d294d48798bd297bde02d3ea02f313a86e38ed3944519228466bdfb537961"},
]

[package.dependencies]
PySide6-Essentials = "6.5.3"
shiboken6 = "6.5.3"

[[package]]
name = "pyside6-essentials"
version = "6.5.3"
description = "Python bindings for the Qt cross-platform application and UI framework (Essentials)"
optional = false
python-versions = "<3.12,>=3.7"
files = [
    {file = "PySide6_Essentials-6.5.3-cp37-abi3-macosx_11_0_universal2.whl", hash = "sha256:4d9c95ded938e557052fc67efe68d57108856df141a1b499497fd7999419e3eb"},
    {file = "PySide6_Essentials-6.5.3-cp37-abi3-manylinux_2_28_x86_64.whl", hash = "sha256:45580138be91f5fdcefb4d28dadb56d3640eb658575af97b49057e10c22a024d"},
    {file = "PySide6_Essentials-6.5.3-cp37-abi3-manylinux_2_31_aarch64.whl", hash = "sha256:8244bc185b0243ba7c4491033e592b247e44a63d69213e9a45ee38e87e0f1f90"},
    {file = "PySide6_Essentials-6.5.3-cp37-abi3-win_amd64.whl", hash = "sha256:f928b98ec349c87f9ccc63a482917779f59fa646893722c53c2fe2a1e4f335e0"},
]

[package.dependencies]
shiboken6 = "6.5.3"

[[package]]
name = "shiboken6"
version = "6.5.3"
description = "Python/C++ bindings helper module"
optional = false
python-versions = "<3.12,>=3.7"
files = [
    {file = "shiboken6-6.5.3-cp37-abi3-macosx_11_0_universal2.whl", hash = "sha256:faaca92dcbbf26c0ae13f189746c38482e40859e0897b0ed4dee5e04f69fda71"},
    {file = "shiboken6-6.5.3-cp37-abi3-manylinux_2_28_x86_64.whl", hash = "sha256:4cdda98df511243c40f1dd4d9eac25a7191c2583ac673147ecdae0ffa3b9223f"},
    {file = "shiboken6-6.5.3-cp37-abi3-manylinux_2_31_aarch64.whl", hash = "sha256:1bc928ca9f1c1d16ff8fe0585627738a15552bb3329c04fca2c74a443618a6b3"},
    {file = "shiboken6-6.5.3-cp37-abi3-win_amd64.whl", hash = "sha256:a013367e38a12b3f69ba02e79f133df4fba8d21b55a78c6999cdb31c25609524"},
]

[[package]]
name = "toml"
version = "0.10.2"
description = "Python Library for Tom's Obvious, Minimal Language"
optional = false
python-versions = ">=2.6, !=3.0.*, !=3.1.*, !=3.2.*"
files = [
    {file = "toml-0.10.2-py2.py3-none-any.whl", hash = "sha256:806143ae5bfb6a3c6e736a764057db0e6a0e05e338b5630894a5f779cabb4f9b"},
    {file = "toml-0.10.2.tar.gz", hash = "sha256:b3bda1d108d5dd99f4a20d24d9c348e91c4db7ab1b749200bded2f839ccbe68f"},
]

[metadata]
lock-version = "2.0"
python-versions = "<3.12,>=3.7"
content-hash = "d1134b7b1f7077728a1e2865a89f08e8cd85538782252ec130d05d4c7349156c"
